Microsoft Visual Studio Solution File, Format Version 12.00
# Visual Studio 2012
Project("{FAE04EC0-301F-11D3-BF4B-00C04F79EFBC}") = "Non-Uniform Grid Movement", "Non-Uniform Grid Movement.csproj", "{FFE3BA18-22F8-45BC-856E-C1CE8C1374EB}"
EndProject
Global
	GlobalSection(SolutionConfigurationPlatforms) = preSolution
	Debug|Any CPU = Debug|Any CPU
	Release|Any CPU = Release|Any CPU
	Tools|Any CPU = Tools|Any CPU
	EndGlobalSection
	GlobalSection(ProjectConfigurationPlatforms) = postSolution
		{FFE3BA18-22F8-45BC-856E-C1CE8C1374EB}.Debug|Any CPU.ActiveCfg = Debug|Any CPU
		{FFE3BA18-22F8-45BC-856E-C1CE8C1374EB}.Debug|Any CPU.Build.0 = Debug|Any CPU
		{FFE3BA18-22F8-45BC-856E-C1CE8C1374EB}.Release|Any CPU.ActiveCfg = Release|Any CPU
		{FFE3BA18-22F8-45BC-856E-C1CE8C1374EB}.Release|Any CPU.Build.0 = Release|Any CPU
		{FFE3BA18-22F8-45BC-856E-C1CE8C1374EB}.Tools|Any CPU.ActiveCfg = Tools|Any CPU
		{FFE3BA18-22F8-45BC-856E-C1CE8C1374EB}.Tools|Any CPU.Build.0 = Tools|Any CPU
	EndGlobalSection
EndGlobal
